
Microsoft Visual Studio Solution File, Format Version 12.00
# Visual Studio Version 17
VisualStudioVersion = 17.2.32630.192
MinimumVisualStudioVersion = 10.0.40219.1
Project("{FAE04EC0-301F-11D3-BF4B-00C04F79EFBC}") = "HW2", "HW2\HW2.csproj", "{5607E913-E240-484D-98BA-E537AE115441}"
EndProject
Project("{FAE04EC0-301F-11D3-BF4B-00C04F79EFBC}") = "HW3", "HW3\HW3.csproj", "{60D73F82-F4C3-4A5C-BD76-16F19D2F4B6F}"
EndProject
Project("{FAE04EC0-301F-11D3-BF4B-00C04F79EFBC}") = "HW4", "HW4\HW4.csproj", "{FDDD3B2E-92B5-45EF-AAEF-B471A8D735C0}"
EndProject
Project("{FAE04EC0-301F-11D3-BF4B-00C04F79EFBC}") = "HW5_28082022", "HW5_28082022\HW5_28082022.csproj", "{0C24B064-75ED-46CE-919D-DE4DC3BAB595}"
EndProject
Project("{FAE04EC0-301F-11D3-BF4B-00C04F79EFBC}") = "HW6_03092022", "HW6_03092022\HW6_03092022.csproj", "{7637D585-078D-4233-9835-BDC2EB0009AD}"
EndProject
Global
	GlobalSection(SolutionConfigurationPlatforms) = preSolution
		Debug|Any CPU = Debug|Any CPU
		Release|Any CPU = Release|Any CPU
	EndGlobalSection
	GlobalSection(ProjectConfigurationPlatforms) = postSolution
		{5607E913-E240-484D-98BA-E537AE115441}.Debug|Any CPU.ActiveCfg = Debug|Any CPU
		{5607E913-E240-484D-98BA-E537AE115441}.Debug|Any CPU.Build.0 = Debug|Any CPU
		{5607E913-E240-484D-98BA-E537AE115441}.Release|Any CPU.ActiveCfg = Release|Any CPU
		{5607E913-E240-484D-98BA-E537AE115441}.Release|Any CPU.Build.0 = Release|Any CPU
		{60D73F82-F4C3-4A5C-BD76-16F19D2F4B6F}.Debug|Any CPU.ActiveCfg = Debug|Any CPU
		{60D73F82-F4C3-4A5C-BD76-16F19D2F4B6F}.Debug|Any CPU.Build.0 = Debug|Any CPU
		{60D73F82-F4C3-4A5C-BD76-16F19D2F4B6F}.Release|Any CPU.ActiveCfg = Release|Any CPU
		{60D73F82-F4C3-4A5C-BD76-16F19D2F4B6F}.Release|Any CPU.Build.0 = Release|Any CPU
		{FDDD3B2E-92B5-45EF-AAEF-B471A8D735C0}.Debug|Any CPU.ActiveCfg = Debug|Any CPU
		{FDDD3B2E-92B5-45EF-AAEF-B471A8D735C0}.Debug|Any CPU.Build.0 = Debug|Any CPU
		{FDDD3B2E-92B5-45EF-AAEF-B471A8D735C0}.Release|Any CPU.ActiveCfg = Release|Any CPU
		{FDDD3B2E-92B5-45EF-AAEF-B471A8D735C0}.Release|Any CPU.Build.0 = Release|Any CPU
		{0C24B064-75ED-46CE-919D-DE4DC3BAB595}.Debug|Any CPU.ActiveCfg = Debug|Any CPU
		{0C24B064-75ED-46CE-919D-DE4DC3BAB595}.Debug|Any CPU.Build.0 = Debug|Any CPU
		{0C24B064-75ED-46CE-919D-DE4DC3BAB595}.Release|Any CPU.ActiveCfg = Release|Any CPU
		{0C24B064-75ED-46CE-919D-DE4DC3BAB595}.Release|Any CPU.Build.0 = Release|Any CPU
		{7637D585-078D-4233-9835-BDC2EB0009AD}.Debug|Any CPU.ActiveCfg = Debug|Any CPU
		{7637D585-078D-4233-9835-BDC2EB0009AD}.Debug|Any CPU.Build.0 = Debug|Any CPU
		{7637D585-078D-4233-9835-BDC2EB0009AD}.Release|Any CPU.ActiveCfg = Release|Any CPU
		{7637D585-078D-4233-9835-BDC2EB0009AD}.Release|Any CPU.Build.0 = Release|Any CPU
	EndGlobalSection
	GlobalSection(SolutionProperties) = preSolution
		HideSolutionNode = FALSE
	EndGlobalSection
	GlobalSection(ExtensibilityGlobals) = postSolution
		SolutionGuid = {3CD366EF-3643-40B0-B2D7-CF93C7A5299F}
	EndGlobalSection
EndGlobal
