
Microsoft Visual Studio Solution File, Format Version 12.00
# Visual Studio Version 17
VisualStudioVersion = 17.2.32630.192
MinimumVisualStudioVersion = 10.0.40219.1
Project("{FAE04EC0-301F-11D3-BF4B-00C04F79EFBC}") = "HW2", "HW2\HW2.csproj", "{5607E913-E240-484D-98BA-E537AE115441}"
EndProject
Project("{FAE04EC0-301F-11D3-BF4B-00C04F79EFBC}") = "HW3", "HW3\HW3.csproj", "{60D73F82-F4C3-4A5C-BD76-16F19D2F4B6F}"
EndProject
Project("{FAE04EC0-301F-11D3-BF4B-00C04F79EFBC}") = "HW4", "HW4\HW4.csproj", "{FDDD3B2E-92B5-45EF-AAEF-B471A8D735C0}"
EndProject
Project("{FAE04EC0-301F-11D3-BF4B-00C04F79EFBC}") = "HW5_28082022", "HW5_28082022\HW5_28082022.csproj", "{0C24B064-75ED-46CE-919D-DE4DC3BAB595}"
EndProject
Project("{FAE04EC0-301F-11D3-BF4B-00C04F79EFBC}") = "HW6_03092022", "HW6_03092022\HW6_03092022.csproj", "{7637D585-078D-4233-9835-BDC2EB0009AD}"
EndProject
Project("{FAE04EC0-301F-11D3-BF4B-00C04F79EFBC}") = "HW7", "HW7\HW7.csproj", "{869E977F-ED74-481A-8669-A6A1A7FF1E50}"
EndProject
Project("{FAE04EC0-301F-11D3-BF4B-00C04F79EFBC}") = "HW8", "HW8\HW8.csproj", "{5A798DE5-4589-411E-91BE-A90548B9DD1D}"
EndProject
Project("{FAE04EC0-301F-11D3-BF4B-00C04F79EFBC}") = "CustomClass", "CustomClass\CustomClass.csproj", "{F1C841BF-DFA1-46F4-AF78-CC3689B478D7}"
EndProject
Project("{FAE04EC0-301F-11D3-BF4B-00C04F79EFBC}") = "HW9", "HW9\HW9.csproj", "{9FA674E9-4C2B-46B6-8180-2476CB3A587F}"
EndProject
Project("{FAE04EC0-301F-11D3-BF4B-00C04F79EFBC}") = "FillByDiagonal", "FillByDiagonal\FillByDiagonal.csproj", "{A2E983A7-A953-41B3-A76A-69396034BB2C}"
EndProject
Project("{FAE04EC0-301F-11D3-BF4B-00C04F79EFBC}") = "HW_10", "HW_10\HW_10.csproj", "{EF6929FC-2DE1-42FA-B677-256F9D3D7BA3}"
EndProject
Project("{FAE04EC0-301F-11D3-BF4B-00C04F79EFBC}") = "HW_11", "HW_11\HW_11.csproj", "{9E6D1E32-C05E-4430-B0B3-C2A18E6FD5A8}"
EndProject
Project("{FAE04EC0-301F-11D3-BF4B-00C04F79EFBC}") = "HW_12", "HW_12\HW_12.csproj", "{DFE0AD14-FB65-4B24-B1AB-A3EC61156C0E}"
EndProject
Project("{FAE04EC0-301F-11D3-BF4B-00C04F79EFBC}") = "HW_13", "HW_13\HW_13.csproj", "{BE35077E-BC43-4DB0-B933-11BC51E3428C}"
EndProject
Global
	GlobalSection(SolutionConfigurationPlatforms) = preSolution
		Debug|Any CPU = Debug|Any CPU
		Release|Any CPU = Release|Any CPU
	EndGlobalSection
	GlobalSection(ProjectConfigurationPlatforms) = postSolution
		{5607E913-E240-484D-98BA-E537AE115441}.Debug|Any CPU.ActiveCfg = Debug|Any CPU
		{5607E913-E240-484D-98BA-E537AE115441}.Debug|Any CPU.Build.0 = Debug|Any CPU
		{5607E913-E240-484D-98BA-E537AE115441}.Release|Any CPU.ActiveCfg = Release|Any CPU
		{5607E913-E240-484D-98BA-E537AE115441}.Release|Any CPU.Build.0 = Release|Any CPU
		{60D73F82-F4C3-4A5C-BD76-16F19D2F4B6F}.Debug|Any CPU.ActiveCfg = Debug|Any CPU
		{60D73F82-F4C3-4A5C-BD76-16F19D2F4B6F}.Debug|Any CPU.Build.0 = Debug|Any CPU
		{60D73F82-F4C3-4A5C-BD76-16F19D2F4B6F}.Release|Any CPU.ActiveCfg = Release|Any CPU
		{60D73F82-F4C3-4A5C-BD76-16F19D2F4B6F}.Release|Any CPU.Build.0 = Release|Any CPU
		{FDDD3B2E-92B5-45EF-AAEF-B471A8D735C0}.Debug|Any CPU.ActiveCfg = Debug|Any CPU
		{FDDD3B2E-92B5-45EF-AAEF-B471A8D735C0}.Debug|Any CPU.Build.0 = Debug|Any CPU
		{FDDD3B2E-92B5-45EF-AAEF-B471A8D735C0}.Release|Any CPU.ActiveCfg = Release|Any CPU
		{FDDD3B2E-92B5-45EF-AAEF-B471A8D735C0}.Release|Any CPU.Build.0 = Release|Any CPU
		{0C24B064-75ED-46CE-919D-DE4DC3BAB595}.Debug|Any CPU.ActiveCfg = Debug|Any CPU
		{0C24B064-75ED-46CE-919D-DE4DC3BAB595}.Debug|Any CPU.Build.0 = Debug|Any CPU
		{0C24B064-75ED-46CE-919D-DE4DC3BAB595}.Release|Any CPU.ActiveCfg = Release|Any CPU
		{0C24B064-75ED-46CE-919D-DE4DC3BAB595}.Release|Any CPU.Build.0 = Release|Any CPU
		{7637D585-078D-4233-9835-BDC2EB0009AD}.Debug|Any CPU.ActiveCfg = Debug|Any CPU
		{7637D585-078D-4233-9835-BDC2EB0009AD}.Debug|Any CPU.Build.0 = Debug|Any CPU
		{7637D585-078D-4233-9835-BDC2EB0009AD}.Release|Any CPU.ActiveCfg = Release|Any CPU
		{7637D585-078D-4233-9835-BDC2EB0009AD}.Release|Any CPU.Build.0 = Release|Any CPU
		{869E977F-ED74-481A-8669-A6A1A7FF1E50}.Debug|Any CPU.ActiveCfg = Debug|Any CPU
		{869E977F-ED74-481A-8669-A6A1A7FF1E50}.Debug|Any CPU.Build.0 = Debug|Any CPU
		{869E977F-ED74-481A-8669-A6A1A7FF1E50}.Release|Any CPU.ActiveCfg = Release|Any CPU
		{869E977F-ED74-481A-8669-A6A1A7FF1E50}.Release|Any CPU.Build.0 = Release|Any CPU
		{5A798DE5-4589-411E-91BE-A90548B9DD1D}.Debug|Any CPU.ActiveCfg = Debug|Any CPU
		{5A798DE5-4589-411E-91BE-A90548B9DD1D}.Debug|Any CPU.Build.0 = Debug|Any CPU
		{5A798DE5-4589-411E-91BE-A90548B9DD1D}.Release|Any CPU.ActiveCfg = Release|Any CPU
		{5A798DE5-4589-411E-91BE-A90548B9DD1D}.Release|Any CPU.Build.0 = Release|Any CPU
		{F1C841BF-DFA1-46F4-AF78-CC3689B478D7}.Debug|Any CPU.ActiveCfg = Debug|Any CPU
		{F1C841BF-DFA1-46F4-AF78-CC3689B478D7}.Debug|Any CPU.Build.0 = Debug|Any CPU
		{F1C841BF-DFA1-46F4-AF78-CC3689B478D7}.Release|Any CPU.ActiveCfg = Release|Any CPU
		{F1C841BF-DFA1-46F4-AF78-CC3689B478D7}.Release|Any CPU.Build.0 = Release|Any CPU
		{9FA674E9-4C2B-46B6-8180-2476CB3A587F}.Debug|Any CPU.ActiveCfg = Debug|Any CPU
		{9FA674E9-4C2B-46B6-8180-2476CB3A587F}.Debug|Any CPU.Build.0 = Debug|Any CPU
		{9FA674E9-4C2B-46B6-8180-2476CB3A587F}.Release|Any CPU.ActiveCfg = Release|Any CPU
		{9FA674E9-4C2B-46B6-8180-2476CB3A587F}.Release|Any CPU.Build.0 = Release|Any CPU
		{A2E983A7-A953-41B3-A76A-69396034BB2C}.Debug|Any CPU.ActiveCfg = Debug|Any CPU
		{A2E983A7-A953-41B3-A76A-69396034BB2C}.Debug|Any CPU.Build.0 = Debug|Any CPU
		{A2E983A7-A953-41B3-A76A-69396034BB2C}.Release|Any CPU.ActiveCfg = Release|Any CPU
		{A2E983A7-A953-41B3-A76A-69396034BB2C}.Release|Any CPU.Build.0 = Release|Any CPU
		{EF6929FC-2DE1-42FA-B677-256F9D3D7BA3}.Debug|Any CPU.ActiveCfg = Debug|Any CPU
		{EF6929FC-2DE1-42FA-B677-256F9D3D7BA3}.Debug|Any CPU.Build.0 = Debug|Any CPU
		{EF6929FC-2DE1-42FA-B677-256F9D3D7BA3}.Release|Any CPU.ActiveCfg = Release|Any CPU
		{EF6929FC-2DE1-42FA-B677-256F9D3D7BA3}.Release|Any CPU.Build.0 = Release|Any CPU
		{9E6D1E32-C05E-4430-B0B3-C2A18E6FD5A8}.Debug|Any CPU.ActiveCfg = Debug|Any CPU
		{9E6D1E32-C05E-4430-B0B3-C2A18E6FD5A8}.Debug|Any CPU.Build.0 = Debug|Any CPU
		{9E6D1E32-C05E-4430-B0B3-C2A18E6FD5A8}.Release|Any CPU.ActiveCfg = Release|Any CPU
		{9E6D1E32-C05E-4430-B0B3-C2A18E6FD5A8}.Release|Any CPU.Build.0 = Release|Any CPU
		{DFE0AD14-FB65-4B24-B1AB-A3EC61156C0E}.Debug|Any CPU.ActiveCfg = Debug|Any CPU
		{DFE0AD14-FB65-4B24-B1AB-A3EC61156C0E}.Debug|Any CPU.Build.0 = Debug|Any CPU
		{DFE0AD14-FB65-4B24-B1AB-A3EC61156C0E}.Release|Any CPU.ActiveCfg = Release|Any CPU
		{DFE0AD14-FB65-4B24-B1AB-A3EC61156C0E}.Release|Any CPU.Build.0 = Release|Any CPU
		{BE35077E-BC43-4DB0-B933-11BC51E3428C}.Debug|Any CPU.ActiveCfg = Debug|Any CPU
		{BE35077E-BC43-4DB0-B933-11BC51E3428C}.Debug|Any CPU.Build.0 = Debug|Any CPU
		{BE35077E-BC43-4DB0-B933-11BC51E3428C}.Release|Any CPU.ActiveCfg = Release|Any CPU
		{BE35077E-BC43-4DB0-B933-11BC51E3428C}.Release|Any CPU.Build.0 = Release|Any CPU
	EndGlobalSection
	GlobalSection(SolutionProperties) = preSolution
		HideSolutionNode = FALSE
	EndGlobalSection
	GlobalSection(ExtensibilityGlobals) = postSolution
		SolutionGuid = {3CD366EF-3643-40B0-B2D7-CF93C7A5299F}
	EndGlobalSection
EndGlobal
